
Microsoft Visual Studio Solution File, Format Version 12.00
# Visual Studio 15
VisualStudioVersion = 15.0.28307.489
MinimumVisualStudioVersion = 10.0.40219.1
Project("{FAE04EC0-301F-11D3-BF4B-00C04F79EFBC}") = "UrbanReport.Android", "UrbanReport\UrbanReport.Android\UrbanReport.Android.csproj", "{38085655-396A-472E-9463-C8BE70856BD3}"
EndProject
Project("{FAE04EC0-301F-11D3-BF4B-00C04F79EFBC}") = "UrbanReport.iOS", "UrbanReport\UrbanReport.iOS\UrbanReport.iOS.csproj", "{7A23CF0E-1EA9-420F-873B-9D9F1E630EE5}"
EndProject
Project("{FAE04EC0-301F-11D3-BF4B-00C04F79EFBC}") = "UrbanReport", "UrbanReport\UrbanReport\UrbanReport.csproj", "{CE470A20-CD1C-4A32-8C88-340FB01C8563}"
EndProject
Global
	GlobalSection(SolutionConfigurationPlatforms) = preSolution
		Ad-Hoc|Any CPU = Ad-Hoc|Any CPU
		Ad-Hoc|iPhone = Ad-Hoc|iPhone
		Ad-Hoc|iPhoneSimulator = Ad-Hoc|iPhoneSimulator
		AppStore|Any CPU = AppStore|Any CPU
		AppStore|iPhone = AppStore|iPhone
		AppStore|iPhoneSimulator = AppStore|iPhoneSimulator
		Debug|Any CPU = Debug|Any CPU
		Debug|iPhone = Debug|iPhone
		Debug|iPhoneSimulator = Debug|iPhoneSimulator
		Release|Any CPU = Release|Any CPU
		Release|iPhone = Release|iPhone
		Release|iPhoneSimulator = Release|iPhoneSimulator
	EndGlobalSection
	GlobalSection(ProjectConfigurationPlatforms) = postSolution
		{38085655-396A-472E-9463-C8BE70856BD3}.Ad-Hoc|Any CPU.ActiveCfg = Release|Any CPU
		{38085655-396A-472E-9463-C8BE70856BD3}.Ad-Hoc|Any CPU.Build.0 = Release|Any CPU
		{38085655-396A-472E-9463-C8BE70856BD3}.Ad-Hoc|Any CPU.Deploy.0 = Release|Any CPU
		{38085655-396A-472E-9463-C8BE70856BD3}.Ad-Hoc|iPhone.ActiveCfg = Release|Any CPU
		{38085655-396A-472E-9463-C8BE70856BD3}.Ad-Hoc|iPhone.Build.0 = Release|Any CPU
		{38085655-396A-472E-9463-C8BE70856BD3}.Ad-Hoc|iPhone.Deploy.0 = Release|Any CPU
		{38085655-396A-472E-9463-C8BE70856BD3}.Ad-Hoc|iPhoneSimulator.ActiveCfg = Release|Any CPU
		{38085655-396A-472E-9463-C8BE70856BD3}.Ad-Hoc|iPhoneSimulator.Build.0 = Release|Any CPU
		{38085655-396A-472E-9463-C8BE70856BD3}.Ad-Hoc|iPhoneSimulator.Deploy.0 = Release|Any CPU
		{38085655-396A-472E-9463-C8BE70856BD3}.AppStore|Any CPU.ActiveCfg = Release|Any CPU
		{38085655-396A-472E-9463-C8BE70856BD3}.AppStore|Any CPU.Build.0 = Release|Any CPU
		{38085655-396A-472E-9463-C8BE70856BD3}.AppStore|Any CPU.Deploy.0 = Release|Any CPU
		{38085655-396A-472E-9463-C8BE70856BD3}.AppStore|iPhone.ActiveCfg = Release|Any CPU
		{38085655-396A-472E-9463-C8BE70856BD3}.AppStore|iPhone.Build.0 = Release|Any CPU
		{38085655-396A-472E-9463-C8BE70856BD3}.AppStore|iPhone.Deploy.0 = Release|Any CPU
		{38085655-396A-472E-9463-C8BE70856BD3}.AppStore|iPhoneSimulator.ActiveCfg = Release|Any CPU
		{38085655-396A-472E-9463-C8BE70856BD3}.AppStore|iPhoneSimulator.Build.0 = Release|Any CPU
		{38085655-396A-472E-9463-C8BE70856BD3}.AppStore|iPhoneSimulator.Deploy.0 = Release|Any CPU
		{38085655-396A-472E-9463-C8BE70856BD3}.Debug|Any CPU.ActiveCfg = Debug|Any CPU
		{38085655-396A-472E-9463-C8BE70856BD3}.Debug|Any CPU.Build.0 = Debug|Any CPU
		{38085655-396A-472E-9463-C8BE70856BD3}.Debug|Any CPU.Deploy.0 = Debug|Any CPU
		{38085655-396A-472E-9463-C8BE70856BD3}.Debug|iPhone.ActiveCfg = Debug|Any CPU
		{38085655-396A-472E-9463-C8BE70856BD3}.Debug|iPhone.Build.0 = Debug|Any CPU
		{38085655-396A-472E-9463-C8BE70856BD3}.Debug|iPhone.Deploy.0 = Debug|Any CPU
		{38085655-396A-472E-9463-C8BE70856BD3}.Debug|iPhoneSimulator.ActiveCfg = Debug|Any CPU
		{38085655-396A-472E-9463-C8BE70856BD3}.Debug|iPhoneSimulator.Build.0 = Debug|Any CPU
		{38085655-396A-472E-9463-C8BE70856BD3}.Debug|iPhoneSimulator.Deploy.0 = Debug|Any CPU
		{38085655-396A-472E-9463-C8BE70856BD3}.Release|Any CPU.ActiveCfg = Release|Any CPU
		{38085655-396A-472E-9463-C8BE70856BD3}.Release|Any CPU.Build.0 = Release|Any CPU
		{38085655-396A-472E-9463-C8BE70856BD3}.Release|Any CPU.Deploy.0 = Release|Any CPU
		{38085655-396A-472E-9463-C8BE70856BD3}.Release|iPhone.ActiveCfg = Release|Any CPU
		{38085655-396A-472E-9463-C8BE70856BD3}.Release|iPhone.Build.0 = Release|Any CPU
		{38085655-396A-472E-9463-C8BE70856BD3}.Release|iPhone.Deploy.0 = Release|Any CPU
		{38085655-396A-472E-9463-C8BE70856BD3}.Release|iPhoneSimulator.ActiveCfg = Release|Any CPU
		{38085655-396A-472E-9463-C8BE70856BD3}.Release|iPhoneSimulator.Build.0 = Release|Any CPU
		{38085655-396A-472E-9463-C8BE70856BD3}.Release|iPhoneSimulator.Deploy.0 = Release|Any CPU
		{7A23CF0E-1EA9-420F-873B-9D9F1E630EE5}.Ad-Hoc|Any CPU.ActiveCfg = Ad-Hoc|iPhone
		{7A23CF0E-1EA9-420F-873B-9D9F1E630EE5}.Ad-Hoc|Any CPU.Build.0 = Ad-Hoc|iPhone
		{7A23CF0E-1EA9-420F-873B-9D9F1E630EE5}.Ad-Hoc|Any CPU.Deploy.0 = Ad-Hoc|iPhone
		{7A23CF0E-1EA9-420F-873B-9D9F1E630EE5}.Ad-Hoc|iPhone.ActiveCfg = Ad-Hoc|iPhone
		{7A23CF0E-1EA9-420F-873B-9D9F1E630EE5}.Ad-Hoc|iPhone.Build.0 = Ad-Hoc|iPhone
		{7A23CF0E-1EA9-420F-873B-9D9F1E630EE5}.Ad-Hoc|iPhone.Deploy.0 = Ad-Hoc|iPhone
		{7A23CF0E-1EA9-420F-873B-9D9F1E630EE5}.Ad-Hoc|iPhoneSimulator.ActiveCfg = Ad-Hoc|iPhoneSimulator
		{7A23CF0E-1EA9-420F-873B-9D9F1E630EE5}.Ad-Hoc|iPhoneSimulator.Build.0 = Ad-Hoc|iPhoneSimulator
		{7A23CF0E-1EA9-420F-873B-9D9F1E630EE5}.Ad-Hoc|iPhoneSimulator.Deploy.0 = Ad-Hoc|iPhoneSimulator
		{7A23CF0E-1EA9-420F-873B-9D9F1E630EE5}.AppStore|Any CPU.ActiveCfg = AppStore|iPhone
		{7A23CF0E-1EA9-420F-873B-9D9F1E630EE5}.AppStore|Any CPU.Build.0 = AppStore|iPhone
		{7A23CF0E-1EA9-420F-873B-9D9F1E630EE5}.AppStore|Any CPU.Deploy.0 = AppStore|iPhone
		{7A23CF0E-1EA9-420F-873B-9D9F1E630EE5}.AppStore|iPhone.ActiveCfg = AppStore|iPhone
		{7A23CF0E-1EA9-420F-873B-9D9F1E630EE5}.AppStore|iPhone.Build.0 = AppStore|iPhone
		{7A23CF0E-1EA9-420F-873B-9D9F1E630EE5}.AppStore|iPhone.Deploy.0 = AppStore|iPhone
		{7A23CF0E-1EA9-420F-873B-9D9F1E630EE5}.AppStore|iPhoneSimulator.ActiveCfg = AppStore|iPhoneSimulator
		{7A23CF0E-1EA9-420F-873B-9D9F1E630EE5}.AppStore|iPhoneSimulator.Build.0 = AppStore|iPhoneSimulator
		{7A23CF0E-1EA9-420F-873B-9D9F1E630EE5}.AppStore|iPhoneSimulator.Deploy.0 = AppStore|iPhoneSimulator
		{7A23CF0E-1EA9-420F-873B-9D9F1E630EE5}.Debug|Any CPU.ActiveCfg = Debug|iPhoneSimulator
		{7A23CF0E-1EA9-420F-873B-9D9F1E630EE5}.Debug|Any CPU.Build.0 = Debug|iPhoneSimulator
		{7A23CF0E-1EA9-420F-873B-9D9F1E630EE5}.Debug|Any CPU.Deploy.0 = Debug|iPhoneSimulator
		{7A23CF0E-1EA9-420F-873B-9D9F1E630EE5}.Debug|iPhone.ActiveCfg = Debug|iPhone
		{7A23CF0E-1EA9-420F-873B-9D9F1E630EE5}.Debug|iPhone.Build.0 = Debug|iPhone
		{7A23CF0E-1EA9-420F-873B-9D9F1E630EE5}.Debug|iPhone.Deploy.0 = Debug|iPhone
		{7A23CF0E-1EA9-420F-873B-9D9F1E630EE5}.Debug|iPhoneSimulator.ActiveCfg = Debug|iPhoneSimulator
		{7A23CF0E-1EA9-420F-873B-9D9F1E630EE5}.Debug|iPhoneSimulator.Build.0 = Debug|iPhoneSimulator
		{7A23CF0E-1EA9-420F-873B-9D9F1E630EE5}.Debug|iPhoneSimulator.Deploy.0 = Debug|iPhoneSimulator
		{7A23CF0E-1EA9-420F-873B-9D9F1E630EE5}.Release|Any CPU.ActiveCfg = Release|iPhone
		{7A23CF0E-1EA9-420F-873B-9D9F1E630EE5}.Release|Any CPU.Build.0 = Release|iPhone
		{7A23CF0E-1EA9-420F-873B-9D9F1E630EE5}.Release|Any CPU.Deploy.0 = Release|iPhone
		{7A23CF0E-1EA9-420F-873B-9D9F1E630EE5}.Release|iPhone.ActiveCfg = Release|iPhone
		{7A23CF0E-1EA9-420F-873B-9D9F1E630EE5}.Release|iPhone.Build.0 = Release|iPhone
		{7A23CF0E-1EA9-420F-873B-9D9F1E630EE5}.Release|iPhone.Deploy.0 = Release|iPhone
		{7A23CF0E-1EA9-420F-873B-9D9F1E630EE5}.Release|iPhoneSimulator.ActiveCfg = Release|iPhoneSimulator
		{7A23CF0E-1EA9-420F-873B-9D9F1E630EE5}.Release|iPhoneSimulator.Build.0 = Release|iPhoneSimulator
		{7A23CF0E-1EA9-420F-873B-9D9F1E630EE5}.Release|iPhoneSimulator.Deploy.0 = Release|iPhoneSimulator
		{CE470A20-CD1C-4A32-8C88-340FB01C8563}.Ad-Hoc|Any CPU.ActiveCfg = Debug|Any CPU
		{CE470A20-CD1C-4A32-8C88-340FB01C8563}.Ad-Hoc|Any CPU.Build.0 = Debug|Any CPU
		{CE470A20-CD1C-4A32-8C88-340FB01C8563}.Ad-Hoc|Any CPU.Deploy.0 = Debug|Any CPU
		{CE470A20-CD1C-4A32-8C88-340FB01C8563}.Ad-Hoc|iPhone.ActiveCfg = Debug|Any CPU
		{CE470A20-CD1C-4A32-8C88-340FB01C8563}.Ad-Hoc|iPhone.Build.0 = Debug|Any CPU
		{CE470A20-CD1C-4A32-8C88-340FB01C8563}.Ad-Hoc|iPhone.Deploy.0 = Debug|Any CPU
		{CE470A20-CD1C-4A32-8C88-340FB01C8563}.Ad-Hoc|iPhoneSimulator.ActiveCfg = Debug|Any CPU
		{CE470A20-CD1C-4A32-8C88-340FB01C8563}.Ad-Hoc|iPhoneSimulator.Build.0 = Debug|Any CPU
		{CE470A20-CD1C-4A32-8C88-340FB01C8563}.Ad-Hoc|iPhoneSimulator.Deploy.0 = Debug|Any CPU
		{CE470A20-CD1C-4A32-8C88-340FB01C8563}.AppStore|Any CPU.ActiveCfg = Debug|Any CPU
		{CE470A20-CD1C-4A32-8C88-340FB01C8563}.AppStore|Any CPU.Build.0 = Debug|Any CPU
		{CE470A20-CD1C-4A32-8C88-340FB01C8563}.AppStore|Any CPU.Deploy.0 = Debug|Any CPU
		{CE470A20-CD1C-4A32-8C88-340FB01C8563}.AppStore|iPhone.ActiveCfg = Debug|Any CPU
		{CE470A20-CD1C-4A32-8C88-340FB01C8563}.AppStore|iPhone.Build.0 = Debug|Any CPU
		{CE470A20-CD1C-4A32-8C88-340FB01C8563}.AppStore|iPhone.Deploy.0 = Debug|Any CPU
		{CE470A20-CD1C-4A32-8C88-340FB01C8563}.AppStore|iPhoneSimulator.ActiveCfg = Debug|Any CPU
		{CE470A20-CD1C-4A32-8C88-340FB01C8563}.AppStore|iPhoneSimulator.Build.0 = Debug|Any CPU
		{CE470A20-CD1C-4A32-8C88-340FB01C8563}.AppStore|iPhoneSimulator.Deploy.0 = Debug|Any CPU
		{CE470A20-CD1C-4A32-8C88-340FB01C8563}.Debug|Any CPU.ActiveCfg = Debug|Any CPU
		{CE470A20-CD1C-4A32-8C88-340FB01C8563}.Debug|Any CPU.Build.0 = Debug|Any CPU
		{CE470A20-CD1C-4A32-8C88-340FB01C8563}.Debug|Any CPU.Deploy.0 = Debug|Any CPU
		{CE470A20-CD1C-4A32-8C88-340FB01C8563}.Debug|iPhone.ActiveCfg = Debug|Any CPU
		{CE470A20-CD1C-4A32-8C88-340FB01C8563}.Debug|iPhone.Build.0 = Debug|Any CPU
		{CE470A20-CD1C-4A32-8C88-340FB01C8563}.Debug|iPhone.Deploy.0 = Debug|Any CPU
		{CE470A20-CD1C-4A32-8C88-340FB01C8563}.Debug|iPhoneSimulator.ActiveCfg = Debug|Any CPU
		{CE470A20-CD1C-4A32-8C88-340FB01C8563}.Debug|iPhoneSimulator.Build.0 = Debug|Any CPU
		{CE470A20-CD1C-4A32-8C88-340FB01C8563}.Debug|iPhoneSimulator.Deploy.0 = Debug|Any CPU
		{CE470A20-CD1C-4A32-8C88-340FB01C8563}.Release|Any CPU.ActiveCfg = Release|Any CPU
		{CE470A20-CD1C-4A32-8C88-340FB01C8563}.Release|Any CPU.Build.0 = Release|Any CPU
		{CE470A20-CD1C-4A32-8C88-340FB01C8563}.Release|Any CPU.Deploy.0 = Release|Any CPU
		{CE470A20-CD1C-4A32-8C88-340FB01C8563}.Release|iPhone.ActiveCfg = Release|Any CPU
		{CE470A20-CD1C-4A32-8C88-340FB01C8563}.Release|iPhone.Build.0 = Release|Any CPU
		{CE470A20-CD1C-4A32-8C88-340FB01C8563}.Release|iPhone.Deploy.0 = Release|Any CPU
		{CE470A20-CD1C-4A32-8C88-340FB01C8563}.Release|iPhoneSimulator.ActiveCfg = Release|Any CPU
		{CE470A20-CD1C-4A32-8C88-340FB01C8563}.Release|iPhoneSimulator.Build.0 = Release|Any CPU
		{CE470A20-CD1C-4A32-8C88-340FB01C8563}.Release|iPhoneSimulator.Deploy.0 = Release|Any CPU
	EndGlobalSection
	GlobalSection(SolutionProperties) = preSolution
		HideSolutionNode = FALSE
	EndGlobalSection
	GlobalSection(ExtensibilityGlobals) = postSolution
		SolutionGuid = {4A31C954-4C6E-4619-8780-96587BA2812D}
	EndGlobalSection
EndGlobal
